// !$*UTF8*$!
{
	archiveVersion = 1;
	classes = {
	};
	objectVersion = 55;
	objects = {

/* Begin PBXBuildFile section */
		1B316C1827B5B9FF00178BFD /* Location+CoreDataClass.swift in Sources */ = {isa = PBXBuildFile; fileRef = 1B316C1627B5B9FF00178BFD /* Location+CoreDataClass.swift */; };
		1B316C1927B5B9FF00178BFD /* Location+CoreDataProperties.swift in Sources */ = {isa = PBXBuildFile; fileRef = 1B316C1727B5B9FF00178BFD /* Location+CoreDataProperties.swift */; };
		1B316C1B27B83FFA00178BFD /* LocationsViewController.swift in Sources */ = {isa = PBXBuildFile; fileRef = 1B316C1A27B83FFA00178BFD /* LocationsViewController.swift */; };
		1B316C1D27B84B8700178BFD /* LocationCell.swift in Sources */ = {isa = PBXBuildFile; fileRef = 1B316C1C27B84B8700178BFD /* LocationCell.swift */; };
		1B316C1F27B8829600178BFD /* MapViewController.swift in Sources */ = {isa = PBXBuildFile; fileRef = 1B316C1E27B8829600178BFD /* MapViewController.swift */; };
		1B316C2127B9AB7E00178BFD /* UIImage+Resize.swift in Sources */ = {isa = PBXBuildFile; fileRef = 1B316C2027B9AB7E00178BFD /* UIImage+Resize.swift */; };
		1B316C2327B9BD7800178BFD /* String+AddText.swift in Sources */ = {isa = PBXBuildFile; fileRef = 1B316C2227B9BD7800178BFD /* String+AddText.swift */; };
		1B316C2527B9E29C00178BFD /* Sound in Resources */ = {isa = PBXBuildFile; fileRef = 1B316C2427B9E29C00178BFD /* Sound */; };
		1B87676327AB3914006C569B /* AppDelegate.swift in Sources */ = {isa = PBXBuildFile; fileRef = 1B87676227AB3914006C569B /* AppDelegate.swift */; };
		1B87676527AB3914006C569B /* SceneDelegate.swift in Sources */ = {isa = PBXBuildFile; fileRef = 1B87676427AB3914006C569B /* SceneDelegate.swift */; };
		1B87676727AB3914006C569B /* CurrentLocationViewController.swift in Sources */ = {isa = PBXBuildFile; fileRef = 1B87676627AB3914006C569B /* CurrentLocationViewController.swift */; };
		1B87676A27AB3914006C569B /* Main.storyboard in Resources */ = {isa = PBXBuildFile; fileRef = 1B87676827AB3914006C569B /* Main.storyboard */; };
		1B87676D27AB3914006C569B /* MyLocations.xcdatamodeld in Sources */ = {isa = PBXBuildFile; fileRef = 1B87676B27AB3914006C569B /* MyLocations.xcdatamodeld */; };
		1B87676F27AB3915006C569B /* Assets.xcassets in Resources */ = {isa = PBXBuildFile; fileRef = 1B87676E27AB3915006C569B /* Assets.xcassets */; };
		1B87677227AB3915006C569B /* LaunchScreen.storyboard in Resources */ = {isa = PBXBuildFile; fileRef = 1B87677027AB3915006C569B /* LaunchScreen.storyboard */; };
		1B87677A27B00CAB006C569B /* LocationDetailViewController.swift in Sources */ = {isa = PBXBuildFile; fileRef = 1B87677927B00CAB006C569B /* LocationDetailViewController.swift */; };
		1B87677C27B041FF006C569B /* CategoryPickerViewController.swift in Sources */ = {isa = PBXBuildFile; fileRef = 1B87677B27B041FF006C569B /* CategoryPickerViewController.swift */; };
		1B87677E27B06B5D006C569B /* HudView.swift in Sources */ = {isa = PBXBuildFile; fileRef = 1B87677D27B06B5D006C569B /* HudView.swift */; };
		1B87678027B0967F006C569B /* Functions.swift in Sources */ = {isa = PBXBuildFile; fileRef = 1B87677F27B0967F006C569B /* Functions.swift */; };
/* End PBXBuildFile section */

/* Begin PBXFileReference section */
		1B316C1627B5B9FF00178BFD /* Location+CoreDataClass.swift */ = {isa = PBXFileReference; lastKnownFileType = sourcecode.swift; path = "Location+CoreDataClass.swift"; sourceTree = "<group>"; };
		1B316C1727B5B9FF00178BFD /* Location+CoreDataProperties.swift */ = {isa = PBXFileReference; lastKnownFileType = sourcecode.swift; path = "Location+CoreDataProperties.swift"; sourceTree = "<group>"; };
		1B316C1A27B83FFA00178BFD /* LocationsViewController.swift */ = {isa = PBXFileReference; lastKnownFileType = sourcecode.swift; path = LocationsViewController.swift; sourceTree = "<group>"; };
		1B316C1C27B84B8700178BFD /* LocationCell.swift */ = {isa = PBXFileReference; lastKnownFileType = sourcecode.swift; path = LocationCell.swift; sourceTree = "<group>"; };
		1B316C1E27B8829600178BFD /* MapViewController.swift */ = {isa = PBXFileReference; lastKnownFileType = sourcecode.swift; path = MapViewController.swift; sourceTree = "<group>"; };
		1B316C2027B9AB7E00178BFD /* UIImage+Resize.swift */ = {isa = PBXFileReference; lastKnownFileType = sourcecode.swift; path = "UIImage+Resize.swift"; sourceTree = "<group>"; };
		1B316C2227B9BD7800178BFD /* String+AddText.swift */ = {isa = PBXFileReference; lastKnownFileType = sourcecode.swift; path = "String+AddText.swift"; sourceTree = "<group>"; };
		1B316C2427B9E29C00178BFD /* Sound */ = {isa = PBXFileReference; lastKnownFileType = folder; path = Sound; sourceTree = "<group>"; };
		1B87675F27AB3914006C569B /* MyLocations.app */ = {isa = PBXFileReference; explicitFileType = wrapper.application; includeInIndex = 0; path = MyLocations.app; sourceTree = BUILT_PRODUCTS_DIR; };
		1B87676227AB3914006C569B /* AppDelegate.swift */ = {isa = PBXFileReference; lastKnownFileType = sourcecode.swift; path = AppDelegate.swift; sourceTree = "<group>"; };
		1B87676427AB3914006C569B /* SceneDelegate.swift */ = {isa = PBXFileReference; lastKnownFileType = sourcecode.swift; path = SceneDelegate.swift; sourceTree = "<group>"; };
		1B87676627AB3914006C569B /* CurrentLocationViewController.swift */ = {isa = PBXFileReference; lastKnownFileType = sourcecode.swift; path = CurrentLocationViewController.swift; sourceTree = "<group>"; };
		1B87676927AB3914006C569B /* Base */ = {isa = PBXFileReference; lastKnownFileType = file.storyboard; name = Base; path = Base.lproj/Main.storyboard; sourceTree = "<group>"; };
		1B87676C27AB3914006C569B /* MyLocations.xcdatamodel */ = {isa = PBXFileReference; lastKnownFileType = wrapper.xcdatamodel; path = MyLocations.xcdatamodel; sourceTree = "<group>"; };
		1B87676E27AB3915006C569B /* Assets.xcassets */ = {isa = PBXFileReference; lastKnownFileType = folder.assetcatalog; path = Assets.xcassets; sourceTree = "<group>"; };
		1B87677127AB3915006C569B /* Base */ = {isa = PBXFileReference; lastKnownFileType = file.storyboard; name = Base; path = Base.lproj/LaunchScreen.storyboard; sourceTree = "<group>"; };
		1B87677327AB3915006C569B /* Info.plist */ = {isa = PBXFileReference; lastKnownFileType = text.plist.xml; path = Info.plist; sourceTree = "<group>"; };
		1B87677927B00CAB006C569B /* LocationDetailViewController.swift */ = {isa = PBXFileReference; lastKnownFileType = sourcecode.swift; path = LocationDetailViewController.swift; sourceTree = "<group>"; };
		1B87677B27B041FF006C569B /* CategoryPickerViewController.swift */ = {isa = PBXFileReference; lastKnownFileType = sourcecode.swift; path = CategoryPickerViewController.swift; sourceTree = "<group>"; };
		1B87677D27B06B5D006C569B /* HudView.swift */ = {isa = PBXFileReference; lastKnownFileType = sourcecode.swift; path = HudView.swift; sourceTree = "<group>"; };
		1B87677F27B0967F006C569B /* Functions.swift */ = {isa = PBXFileReference; lastKnownFileType = sourcecode.swift; path = Functions.swift; sourceTree = "<group>"; };
/* End PBXFileReference section */

/* Begin PBXFrameworksBuildPhase section */
		1B87675C27AB3914006C569B /* Frameworks */ = {
			isa = PBXFrameworksBuildPhase;
			buildActionMask = 2147483647;
			files = (
			);
			runOnlyForDeploymentPostprocessing = 0;
		};
/* End PBXFrameworksBuildPhase section */

/* Begin PBXGroup section */
		1B87675627AB3914006C569B = {
			isa = PBXGroup;
			children = (
				1B87676127AB3914006C569B /* MyLocations */,
				1B87676027AB3914006C569B /* Products */,
			);
			sourceTree = "<group>";
		};
		1B87676027AB3914006C569B /* Products */ = {
			isa = PBXGroup;
			children = (
				1B87675F27AB3914006C569B /* MyLocations.app */,
			);
			name = Products;
			sourceTree = "<group>";
		};
		1B87676127AB3914006C569B /* MyLocations */ = {
			isa = PBXGroup;
			children = (
				1B87676227AB3914006C569B /* AppDelegate.swift */,
				1B87676E27AB3915006C569B /* Assets.xcassets */,
				1B87677B27B041FF006C569B /* CategoryPickerViewController.swift */,
				1B87676627AB3914006C569B /* CurrentLocationViewController.swift */,
				1B87677F27B0967F006C569B /* Functions.swift */,
				1B87677D27B06B5D006C569B /* HudView.swift */,
				1B87677327AB3915006C569B /* Info.plist */,
				1B87677027AB3915006C569B /* LaunchScreen.storyboard */,
				1B316C1627B5B9FF00178BFD /* Location+CoreDataClass.swift */,
				1B316C1727B5B9FF00178BFD /* Location+CoreDataProperties.swift */,
				1B316C1C27B84B8700178BFD /* LocationCell.swift */,
				1B87677927B00CAB006C569B /* LocationDetailViewController.swift */,
				1B316C1A27B83FFA00178BFD /* LocationsViewController.swift */,
				1B87676827AB3914006C569B /* Main.storyboard */,
				1B316C1E27B8829600178BFD /* MapViewController.swift */,
				1B87676B27AB3914006C569B /* MyLocations.xcdatamodeld */,
				1B87676427AB3914006C569B /* SceneDelegate.swift */,
				1B316C2427B9E29C00178BFD /* Sound */,
				1B316C2227B9BD7800178BFD /* String+AddText.swift */,
				1B316C2027B9AB7E00178BFD /* UIImage+Resize.swift */,
			);
			path = MyLocations;
			sourceTree = "<group>";
		};
/* End PBXGroup section */

/* Begin PBXNativeTarget section */
		1B87675E27AB3914006C569B /* MyLocations */ = {
			isa = PBXNativeTarget;
			buildConfigurationList = 1B87677627AB3915006C569B /* Build configuration list for PBXNativeTarget "MyLocations" */;
			buildPhases = (
				1B87675B27AB3914006C569B /* Sources */,
				1B87675C27AB3914006C569B /* Frameworks */,
				1B87675D27AB3914006C569B /* Resources */,
			);
			buildRules = (
			);
			dependencies = (
			);
			name = MyLocations;
			productName = MyLocations;
			productReference = 1B87675F27AB3914006C569B /* MyLocations.app */;
			productType = "com.apple.product-type.application";
		};
/* End PBXNativeTarget section */

/* Begin PBXProject section */
		1B87675727AB3914006C569B /* Project object */ = {
			isa = PBXProject;
			attributes = {
				BuildIndependentTargetsInParallel = 1;
				LastSwiftUpdateCheck = 1320;
				LastUpgradeCheck = 1320;
				TargetAttributes = {
					1B87675E27AB3914006C569B = {
						CreatedOnToolsVersion = 13.2.1;
					};
				};
			};
			buildConfigurationList = 1B87675A27AB3914006C569B /* Build configuration list for PBXProject "MyLocations" */;
			compatibilityVersion = "Xcode 13.0";
			developmentRegion = en;
			hasScannedForEncodings = 0;
			knownRegions = (
				en,
				Base,
			);
			mainGroup = 1B87675627AB3914006C569B;
			productRefGroup = 1B87676027AB3914006C569B /* Products */;
			projectDirPath = "";
			projectRoot = "";
			targets = (
				1B87675E27AB3914006C569B /* MyLocations */,
			);
		};
/* End PBXProject section */

/* Begin PBXResourcesBuildPhase section */
		1B87675D27AB3914006C569B /* Resources */ = {
			isa = PBXResourcesBuildPhase;
			buildActionMask = 2147483647;
			files = (
				1B87677227AB3915006C569B /* LaunchScreen.storyboard in Resources */,
				1B87676F27AB3915006C569B /* Assets.xcassets in Resources */,
				1B316C2527B9E29C00178BFD /* Sound in Resources */,
				1B87676A27AB3914006C569B /* Main.storyboard in Resources */,
			);
			runOnlyForDeploymentPostprocessing = 0;
		};
/* End PBXResourcesBuildPhase section */

/* Begin PBXSourcesBuildPhase section */
		1B87675B27AB3914006C569B /* Sources */ = {
			isa = PBXSourcesBuildPhase;
			buildActionMask = 2147483647;
			files = (
				1B87677C27B041FF006C569B /* CategoryPickerViewController.swift in Sources */,
				1B87676727AB3914006C569B /* CurrentLocationViewController.swift in Sources */,
				1B87676327AB3914006C569B /* AppDelegate.swift in Sources */,
				1B87678027B0967F006C569B /* Functions.swift in Sources */,
				1B316C1B27B83FFA00178BFD /* LocationsViewController.swift in Sources */,
				1B316C1927B5B9FF00178BFD /* Location+CoreDataProperties.swift in Sources */,
				1B316C1F27B8829600178BFD /* MapViewController.swift in Sources */,
				1B316C2127B9AB7E00178BFD /* UIImage+Resize.swift in Sources */,
				1B316C1D27B84B8700178BFD /* LocationCell.swift in Sources */,
				1B87676D27AB3914006C569B /* MyLocations.xcdatamodeld in Sources */,
				1B87676527AB3914006C569B /* SceneDelegate.swift in Sources */,
				1B316C1827B5B9FF00178BFD /* Location+CoreDataClass.swift in Sources */,
				1B316C2327B9BD7800178BFD /* String+AddText.swift in Sources */,
				1B87677E27B06B5D006C569B /* HudView.swift in Sources */,
				1B87677A27B00CAB006C569B /* LocationDetailViewController.swift in Sources */,
			);
			runOnlyForDeploymentPostprocessing = 0;
		};
/* End PBXSourcesBuildPhase section */

/* Begin PBXVariantGroup section */
		1B87676827AB3914006C569B /* Main.storyboard */ = {
			isa = PBXVariantGroup;
			children = (
				1B87676927AB3914006C569B /* Base */,
			);
			name = Main.storyboard;
			sourceTree = "<group>";
		};
		1B87677027AB3915006C569B /* LaunchScreen.storyboard */ = {
			isa = PBXVariantGroup;
			children = (
				1B87677127AB3915006C569B /* Base */,
			);
			name = LaunchScreen.storyboard;
			sourceTree = "<group>";
		};
/* End PBXVariantGroup section */

/* Begin XCBuildConfiguration section */
		1B87677427AB3915006C569B /* Debug */ = {
			isa = XCBuildConfiguration;
			buildSettings = {
				ALWAYS_SEARCH_USER_PATHS = NO;
				CLANG_ANALYZER_NONNULL = YES;
				CLANG_ANALYZER_NUMBER_OBJECT_CONVERSION = YES_AGGRESSIVE;
				CLANG_CXX_LANGUAGE_STANDARD = "gnu++17";
				CLANG_CXX_LIBRARY = "libc++";
				CLANG_ENABLE_MODULES = YES;
				CLANG_ENABLE_OBJC_ARC = YES;
				CLANG_ENABLE_OBJC_WEAK = YES;
				CLANG_WARN_BLOCK_CAPTURE_AUTORELEASING = YES;
				CLANG_WARN_BOOL_CONVERSION = YES;
				CLANG_WARN_COMMA = YES;
				CLANG_WARN_CONSTANT_CONVERSION = YES;
				CLANG_WARN_DEPRECATED_OBJC_IMPLEMENTATIONS = YES;
				CLANG_WARN_DIRECT_OBJC_ISA_USAGE = YES_ERROR;
				CLANG_WARN_DOCUMENTATION_COMMENTS = YES;
				CLANG_WARN_EMPTY_BODY = YES;
				CLANG_WARN_ENUM_CONVERSION = YES;
				CLANG_WARN_INFINITE_RECURSION = YES;
				CLANG_WARN_INT_CONVERSION = YES;
				CLANG_WARN_NON_LITERAL_NULL_CONVERSION = YES;
				CLANG_WARN_OBJC_IMPLICIT_RETAIN_SELF = YES;
				CLANG_WARN_OBJC_LITERAL_CONVERSION = YES;
				CLANG_WARN_OBJC_ROOT_CLASS = YES_ERROR;
				CLANG_WARN_QUOTED_INCLUDE_IN_FRAMEWORK_HEADER = YES;
				CLANG_WARN_RANGE_LOOP_ANALYSIS = YES;
				CLANG_WARN_STRICT_PROTOTYPES = YES;
				CLANG_WARN_SUSPICIOUS_MOVE = YES;
				CLANG_WARN_UNGUARDED_AVAILABILITY = YES_AGGRESSIVE;
				CLANG_WARN_UNREACHABLE_CODE = YES;
				CLANG_WARN__DUPLICATE_METHOD_MATCH = YES;
				COPY_PHASE_STRIP = NO;
				DEBUG_INFORMATION_FORMAT = dwarf;
				ENABLE_STRICT_OBJC_MSGSEND = YES;
				ENABLE_TESTABILITY = YES;
				GCC_C_LANGUAGE_STANDARD = gnu11;
				GCC_DYNAMIC_NO_PIC = NO;
				GCC_NO_COMMON_BLOCKS = YES;
				GCC_OPTIMIZATION_LEVEL = 0;
				GCC_PREPROCESSOR_DEFINITIONS = (
					"DEBUG=1",
					"$(inherited)",
				);
				GCC_WARN_64_TO_32_BIT_CONVERSION = YES;
				GCC_WARN_ABOUT_RETURN_TYPE = YES_ERROR;
				GCC_WARN_UNDECLARED_SELECTOR = YES;
				GCC_WARN_UNINITIALIZED_AUTOS = YES_AGGRESSIVE;
				GCC_WARN_UNUSED_FUNCTION = YES;
				GCC_WARN_UNUSED_VARIABLE = YES;
				IPHONEOS_DEPLOYMENT_TARGET = 15.2;
				MTL_ENABLE_DEBUG_INFO = INCLUDE_SOURCE;
				MTL_FAST_MATH = YES;
				ONLY_ACTIVE_ARCH = YES;
				SDKROOT = iphoneos;
				SWIFT_ACTIVE_COMPILATION_CONDITIONS = DEBUG;
				SWIFT_OPTIMIZATION_LEVEL = "-Onone";
			};
			name = Debug;
		};
		1B87677527AB3915006C569B /* Release */ = {
			isa = XCBuildConfiguration;
			buildSettings = {
				ALWAYS_SEARCH_USER_PATHS = NO;
				CLANG_ANALYZER_NONNULL = YES;
				CLANG_ANALYZER_NUMBER_OBJECT_CONVERSION = YES_AGGRESSIVE;
				CLANG_CXX_LANGUAGE_STANDARD = "gnu++17";
				CLANG_CXX_LIBRARY = "libc++";
				CLANG_ENABLE_MODULES = YES;
				CLANG_ENABLE_OBJC_ARC = YES;
				CLANG_ENABLE_OBJC_WEAK = YES;
				CLANG_WARN_BLOCK_CAPTURE_AUTORELEASING = YES;
				CLANG_WARN_BOOL_CONVERSION = YES;
				CLANG_WARN_COMMA = YES;
				CLANG_WARN_CONSTANT_CONVERSION = YES;
				CLANG_WARN_DEPRECATED_OBJC_IMPLEMENTATIONS = YES;
				CLANG_WARN_DIRECT_OBJC_ISA_USAGE = YES_ERROR;
				CLANG_WARN_DOCUMENTATION_COMMENTS = YES;
				CLANG_WARN_EMPTY_BODY = YES;
				CLANG_WARN_ENUM_CONVERSION = YES;
				CLANG_WARN_INFINITE_RECURSION = YES;
				CLANG_WARN_INT_CONVERSION = YES;
				CLANG_WARN_NON_LITERAL_NULL_CONVERSION = YES;
				CLANG_WARN_OBJC_IMPLICIT_RETAIN_SELF = YES;
				CLANG_WARN_OBJC_LITERAL_CONVERSION = YES;
				CLANG_WARN_OBJC_ROOT_CLASS = YES_ERROR;
				CLANG_WARN_QUOTED_INCLUDE_IN_FRAMEWORK_HEADER = YES;
				CLANG_WARN_RANGE_LOOP_ANALYSIS = YES;
				CLANG_WARN_STRICT_PROTOTYPES = YES;
				CLANG_WARN_SUSPICIOUS_MOVE = YES;
				CLANG_WARN_UNGUARDED_AVAILABILITY = YES_AGGRESSIVE;
				CLANG_WARN_UNREACHABLE_CODE = YES;
				CLANG_WARN__DUPLICATE_METHOD_MATCH = YES;
				COPY_PHASE_STRIP = NO;
				DEBUG_INFORMATION_FORMAT = "dwarf-with-dsym";
				ENABLE_NS_ASSERTIONS = NO;
				ENABLE_STRICT_OBJC_MSGSEND = YES;
				GCC_C_LANGUAGE_STANDARD = gnu11;
				GCC_NO_COMMON_BLOCKS = YES;
				GCC_WARN_64_TO_32_BIT_CONVERSION = YES;
				GCC_WARN_ABOUT_RETURN_TYPE = YES_ERROR;
				GCC_WARN_UNDECLARED_SELECTOR = YES;
				GCC_WARN_UNINITIALIZED_AUTOS = YES_AGGRESSIVE;
				GCC_WARN_UNUSED_FUNCTION = YES;
				GCC_WARN_UNUSED_VARIABLE = YES;
				IPHONEOS_DEPLOYMENT_TARGET = 15.2;
				MTL_ENABLE_DEBUG_INFO = NO;
				MTL_FAST_MATH = YES;
				SDKROOT = iphoneos;
				SWIFT_COMPILATION_MODE = wholemodule;
				SWIFT_OPTIMIZATION_LEVEL = "-O";
				VALIDATE_PRODUCT = YES;
			};
			name = Release;
		};
		1B87677727AB3915006C569B /* Debug */ = {
			isa = XCBuildConfiguration;
			buildSettings = {
				ASSETCATALOG_COMPILER_APPICON_NAME = AppIcon;
				ASSETCATALOG_COMPILER_GLOBAL_ACCENT_COLOR_NAME = AccentColor;
				CODE_SIGN_STYLE = Automatic;
				CURRENT_PROJECT_VERSION = 1;
				DEVELOPMENT_TEAM = Q2TFVZ3F69;
				GENERATE_INFOPLIST_FILE = YES;
				INFOPLIST_FILE = MyLocations/Info.plist;
				INFOPLIST_KEY_NSFileProviderDomainUsageDescription = "Add photos to your locations.";
				INFOPLIST_KEY_NSLocationWhenInUseUsageDescription = "This app lets you keep track of interesting places. It needs access to the GPS coordinates for your location.";
				INFOPLIST_KEY_UIApplicationSupportsIndirectInputEvents = YES;
				INFOPLIST_KEY_UILaunchStoryboardName = LaunchScreen;
				INFOPLIST_KEY_UIMainStoryboardFile = Main;
				INFOPLIST_KEY_UIRequiredDeviceCapabilities = "location-services";
				INFOPLIST_KEY_UISupportedInterfaceOrientations = UIInterfaceOrientationPortrait;
				INFOPLIST_KEY_UISupportedInterfaceOrientations_iPad = "UIInterfaceOrientationPortrait UIInterfaceOrientationPortraitUpsideDown UIInterfaceOrientationLandscapeLeft UIInterfaceOrientationLandscapeRight";
				INFOPLIST_KEY_UISupportedInterfaceOrientations_iPhone = "UIInterfaceOrientationPortrait UIInterfaceOrientationLandscapeLeft UIInterfaceOrientationLandscapeRight";
				INFOPLIST_KEY_UIUserInterfaceStyle = Dark;
				LD_RUNPATH_SEARCH_PATHS = (
					"$(inherited)",
					"@executable_path/Frameworks",
				);
				MARKETING_VERSION = 1.0;
				PRODUCT_BUNDLE_IDENTIFIER = KerryMcCabe.MyLocations;
				PRODUCT_NAME = "$(TARGET_NAME)";
				SWIFT_EMIT_LOC_STRINGS = YES;
				SWIFT_VERSION = 5.0;
				TARGETED_DEVICE_FAMILY = "1,2";
			};
			name = Debug;
		};
		1B87677827AB3915006C569B /* Release */ = {
			isa = XCBuildConfiguration;
			buildSettings = {
				ASSETCATALOG_COMPILER_APPICON_NAME = AppIcon;
				ASSETCATALOG_COMPILER_GLOBAL_ACCENT_COLOR_NAME = AccentColor;
				CODE_SIGN_STYLE = Automatic;
				CURRENT_PROJECT_VERSION = 1;
				DEVELOPMENT_TEAM = Q2TFVZ3F69;
				GENERATE_INFOPLIST_FILE = YES;
				INFOPLIST_FILE = MyLocations/Info.plist;
				INFOPLIST_KEY_NSFileProviderDomainUsageDescription = "Add photos to your locations.";
				INFOPLIST_KEY_NSLocationWhenInUseUsageDescription = "This app lets you keep track of interesting places. It needs access to the GPS coordinates for your location.";
				INFOPLIST_KEY_UIApplicationSupportsIndirectInputEvents = YES;
				INFOPLIST_KEY_UILaunchStoryboardName = LaunchScreen;
				INFOPLIST_KEY_UIMainStoryboardFile = Main;
				INFOPLIST_KEY_UIRequiredDeviceCapabilities = "location-services";
				INFOPLIST_KEY_UISupportedInterfaceOrientations = UIInterfaceOrientationPortrait;
				INFOPLIST_KEY_UISupportedInterfaceOrientations_iPad = "UIInterfaceOrientationPortrait UIInterfaceOrientationPortraitUpsideDown UIInterfaceOrientationLandscapeLeft UIInterfaceOrientationLandscapeRight";
				INFOPLIST_KEY_UISupportedInterfaceOrientations_iPhone = "UIInterfaceOrientationPortrait UIInterfaceOrientationLandscapeLeft UIInterfaceOrientationLandscapeRight";
				INFOPLIST_KEY_UIUserInterfaceStyle = Dark;
				LD_RUNPATH_SEARCH_PATHS = (
					"$(inherited)",
					"@executable_path/Frameworks",
				);
				MARKETING_VERSION = 1.0;
				PRODUCT_BUNDLE_IDENTIFIER = KerryMcCabe.MyLocations;
				PRODUCT_NAME = "$(TARGET_NAME)";
				SWIFT_EMIT_LOC_STRINGS = YES;
				SWIFT_VERSION = 5.0;
				TARGETED_DEVICE_FAMILY = "1,2";
			};
			name = Release;
		};
/* End XCBuildConfiguration section */

/* Begin XCConfigurationList section */
		1B87675A27AB3914006C569B /* Build configuration list for PBXProject "MyLocations" */ = {
			isa = XCConfigurationList;
			buildConfigurations = (
				1B87677427AB3915006C569B /* Debug */,
				1B87677527AB3915006C569B /* Release */,
			);
			defaultConfigurationIsVisible = 0;
			defaultConfigurationName = Release;
		};
		1B87677627AB3915006C569B /* Build configuration list for PBXNativeTarget "MyLocations" */ = {
			isa = XCConfigurationList;
			buildConfigurations = (
				1B87677727AB3915006C569B /* Debug */,
				1B87677827AB3915006C569B /* Release */,
			);
			defaultConfigurationIsVisible = 0;
			defaultConfigurationName = Release;
		};
/* End XCConfigurationList section */

/* Begin XCVersionGroup section */
		1B87676B27AB3914006C569B /* MyLocations.xcdatamodeld */ = {
			isa = XCVersionGroup;
			children = (
				1B87676C27AB3914006C569B /* MyLocations.xcdatamodel */,
			);
			currentVersion = 1B87676C27AB3914006C569B /* MyLocations.xcdatamodel */;
			path = MyLocations.xcdatamodeld;
			sourceTree = "<group>";
			versionGroupType = wrapper.xcdatamodel;
		};
/* End XCVersionGroup section */
	};
	rootObject = 1B87675727AB3914006C569B /* Project object */;
}
